
Microsoft Visual Studio Solution File, Format Version 12.00
# Visual Studio Version 16
VisualStudioVersion = 16.0.31321.278
MinimumVisualStudioVersion = 10.0.40219.1
Project("{FAE04EC0-301F-11D3-BF4B-00C04F79EFBC}") = "sss", "sss.csproj", "{EC413AB5-94AD-4EEA-84E3-678CA40D3408}"
EndProject
Global
	GlobalSection(SolutionConfigurationPlatforms) = preSolution
		Debug|Any CPU = Debug|Any CPU
		Release|Any CPU = Release|Any CPU
	EndGlobalSection
	GlobalSection(ProjectConfigurationPlatforms) = postSolution
		{EC413AB5-94AD-4EEA-84E3-678CA40D3408}.Debug|Any CPU.ActiveCfg = Debug|Any CPU
		{EC413AB5-94AD-4EEA-84E3-678CA40D3408}.Debug|Any CPU.Build.0 = Debug|Any CPU
		{EC413AB5-94AD-4EEA-84E3-678CA40D3408}.Release|Any CPU.ActiveCfg = Release|Any CPU
		{EC413AB5-94AD-4EEA-84E3-678CA40D3408}.Release|Any CPU.Build.0 = Release|Any CPU
	EndGlobalSection
	GlobalSection(SolutionProperties) = preSolution
		HideSolutionNode = FALSE
	EndGlobalSection
	GlobalSection(ExtensibilityGlobals) = postSolution
		SolutionGuid = {B6ED6FF6-402A-4DFC-A935-0F39A63A34BE}
	EndGlobalSection
EndGlobal
